
Microsoft Visual Studio Solution File, Format Version 12.00
# Visual Studio Version 16
VisualStudioVersion = 25.0.1706.1
MinimumVisualStudioVersion = 10.0.40219.1
Project("{FAE04EC0-301F-11D3-BF4B-00C04F79EFBC}") = "BulkyWeb", "BulkyWeb\BulkyWeb.csproj", "{F9A818E9-B4C7-469F-A2A8-8B69CD9E658C}"
EndProject
Project("{FAE04EC0-301F-11D3-BF4B-00C04F79EFBC}") = "BulkyWebRazor_Temp", "BulkyWebRazor_Temp\BulkyWebRazor_Temp.csproj", "{CC4F5CF3-DA2E-4235-938F-C0CEDAA081E3}"
EndProject
Project("{FAE04EC0-301F-11D3-BF4B-00C04F79EFBC}") = "Bulky.DataAccess", "Bulky.DataAccess\Bulky.DataAccess.csproj", "{D02AF4F2-C490-44D3-80A6-31C2AAAA5AB4}"
EndProject
Project("{FAE04EC0-301F-11D3-BF4B-00C04F79EFBC}") = "Bulky.Models", "Bulky.Models\Bulky.Models.csproj", "{36533946-6DC4-4C1B-A598-2D6B656E7C9F}"
EndProject
Project("{FAE04EC0-301F-11D3-BF4B-00C04F79EFBC}") = "Bulky.Utility", "Bulky.Utility\Bulky.Utility.csproj", "{118C42B1-64C2-453E-B18A-61B441B34255}"
EndProject
Global
	GlobalSection(SolutionConfigurationPlatforms) = preSolution
		Debug|Any CPU = Debug|Any CPU
		Release|Any CPU = Release|Any CPU
	EndGlobalSection
	GlobalSection(ProjectConfigurationPlatforms) = postSolution
		{F9A818E9-B4C7-469F-A2A8-8B69CD9E658C}.Debug|Any CPU.ActiveCfg = Debug|Any CPU
		{F9A818E9-B4C7-469F-A2A8-8B69CD9E658C}.Debug|Any CPU.Build.0 = Debug|Any CPU
		{F9A818E9-B4C7-469F-A2A8-8B69CD9E658C}.Release|Any CPU.ActiveCfg = Release|Any CPU
		{F9A818E9-B4C7-469F-A2A8-8B69CD9E658C}.Release|Any CPU.Build.0 = Release|Any CPU
		{CC4F5CF3-DA2E-4235-938F-C0CEDAA081E3}.Debug|Any CPU.ActiveCfg = Debug|Any CPU
		{CC4F5CF3-DA2E-4235-938F-C0CEDAA081E3}.Debug|Any CPU.Build.0 = Debug|Any CPU
		{CC4F5CF3-DA2E-4235-938F-C0CEDAA081E3}.Release|Any CPU.ActiveCfg = Release|Any CPU
		{CC4F5CF3-DA2E-4235-938F-C0CEDAA081E3}.Release|Any CPU.Build.0 = Release|Any CPU
		{D02AF4F2-C490-44D3-80A6-31C2AAAA5AB4}.Debug|Any CPU.ActiveCfg = Debug|Any CPU
		{D02AF4F2-C490-44D3-80A6-31C2AAAA5AB4}.Debug|Any CPU.Build.0 = Debug|Any CPU
		{D02AF4F2-C490-44D3-80A6-31C2AAAA5AB4}.Release|Any CPU.ActiveCfg = Release|Any CPU
		{D02AF4F2-C490-44D3-80A6-31C2AAAA5AB4}.Release|Any CPU.Build.0 = Release|Any CPU
		{36533946-6DC4-4C1B-A598-2D6B656E7C9F}.Debug|Any CPU.ActiveCfg = Debug|Any CPU
		{36533946-6DC4-4C1B-A598-2D6B656E7C9F}.Debug|Any CPU.Build.0 = Debug|Any CPU
		{36533946-6DC4-4C1B-A598-2D6B656E7C9F}.Release|Any CPU.ActiveCfg = Release|Any CPU
		{36533946-6DC4-4C1B-A598-2D6B656E7C9F}.Release|Any CPU.Build.0 = Release|Any CPU
		{118C42B1-64C2-453E-B18A-61B441B34255}.Debug|Any CPU.ActiveCfg = Debug|Any CPU
		{118C42B1-64C2-453E-B18A-61B441B34255}.Debug|Any CPU.Build.0 = Debug|Any CPU
		{118C42B1-64C2-453E-B18A-61B441B34255}.Release|Any CPU.ActiveCfg = Release|Any CPU
		{118C42B1-64C2-453E-B18A-61B441B34255}.Release|Any CPU.Build.0 = Release|Any CPU
	EndGlobalSection
	GlobalSection(SolutionProperties) = preSolution
		HideSolutionNode = FALSE
	EndGlobalSection
	GlobalSection(ExtensibilityGlobals) = postSolution
		SolutionGuid = {368C757F-60A9-439E-AA97-325E6DD0A5D3}
	EndGlobalSection
EndGlobal
